lockfileVersion: 5.3

specifiers:
  '@rollup/plugin-commonjs': ^18.0.0
  '@rollup/plugin-node-resolve': ^11.2.1
  '@rollup/plugin-typescript': ^8.2.1
  '@types/node': ^14.14.37
  asciinema-player: ^2.6.1
  create-react-class: ^15.7.0
  obsidian: ^0.12.0
  react: ^17.0.2
  react-dom: ^17.0.2
  rollup: ^2.32.1
  tslib: ^2.2.0
  typescript: ^4.2.4

dependencies:
  asciinema-player: 2.6.1
  create-react-class: 15.7.0
  react: 17.0.2
  react-dom: 17.0.2_react@17.0.2

devDependencies:
  '@rollup/plugin-commonjs': 18.1.0_rollup@2.58.0
  '@rollup/plugin-node-resolve': 11.2.1_rollup@2.58.0
  '@rollup/plugin-typescript': 8.2.5_11969cb7979bf76fd37eb17f863ea3c2
  '@types/node': 14.17.22
  obsidian: 0.12.17
  rollup: 2.58.0
  tslib: 2.3.1
  typescript: 4.4.4

packages:

  /@rollup/plugin-commonjs/18.1.0_rollup@2.58.0:
    resolution: {integrity: sha512-h3e6T9rUxVMAQswpDIobfUHn/doMzM9sgkMrsMWCFLmB84PSoC8mV8tOloAJjSRwdqhXBqstlX2BwBpHJvbhxg==}
    engines: {node: '>= 8.0.0'}
    peerDependencies:
      rollup: ^2.30.0
    dependencies:
      '@rollup/pluginutils': 3.1.0_rollup@2.58.0
      commondir: 1.0.1
      estree-walker: 2.0.2
      glob: 7.2.0
      is-reference: 1.2.1
      magic-string: 0.25.7
      resolve: 1.20.0
      rollup: 2.58.0
    dev: true

  /@rollup/plugin-node-resolve/11.2.1_rollup@2.58.0:
    resolution: {integrity: sha512-yc2n43jcqVyGE2sqV5/YCmocy9ArjVAP/BeXyTtADTBBX6V0e5UMqwO8CdQ0kzjb6zu5P1qMzsScCMRvE9OlVg==}
    engines: {node: '>= 10.0.0'}
    peerDependencies:
      rollup: ^1.20.0||^2.0.0
    dependencies:
      '@rollup/pluginutils': 3.1.0_rollup@2.58.0
      '@types/resolve': 1.17.1
      builtin-modules: 3.2.0
      deepmerge: 4.2.2
      is-module: 1.0.0
      resolve: 1.20.0
      rollup: 2.58.0
    dev: true

  /@rollup/plugin-typescript/8.2.5_11969cb7979bf76fd37eb17f863ea3c2:
    resolution: {integrity: sha512-QL/LvDol/PAGB2O0S7/+q2HpSUNodpw7z6nGn9BfoVCPOZ0r4EALrojFU29Bkoi2Hr2jgTocTejJ5GGWZfOxbQ==}
    engines: {node: '>=8.0.0'}
    peerDependencies:
      rollup: ^2.14.0
      tslib: '*'
      typescript: '>=3.7.0'
    dependencies:
      '@rollup/pluginutils': 3.1.0_rollup@2.58.0
      resolve: 1.20.0
      rollup: 2.58.0
      tslib: 2.3.1
      typescript: 4.4.4
    dev: true

  /@rollup/pluginutils/3.1.0_rollup@2.58.0:
    resolution: {integrity: sha512-GksZ6pr6TpIjHm8h9lSQ8pi8BE9VeubNT0OMJ3B5uZJ8pz73NPiqOtCog/x2/QzM1ENChPKxMDhiQuRHsqc+lg==}
    engines: {node: '>= 8.0.0'}
    peerDependencies:
      rollup: ^1.20.0||^2.0.0
    dependencies:
      '@types/estree': 0.0.39
      estree-walker: 1.0.1
      picomatch: 2.3.0
      rollup: 2.58.0
    dev: true

  /@types/codemirror/0.0.108:
    resolution: {integrity: sha512-3FGFcus0P7C2UOGCNUVENqObEb4SFk+S8Dnxq7K6aIsLVs/vDtlangl3PEO0ykaKXyK56swVF6Nho7VsA44uhw==}
    dependencies:
      '@types/tern': 0.23.4
    dev: true

  /@types/estree/0.0.39:
    resolution: {integrity: sha512-EYNwp3bU+98cpU4lAWYYL7Zz+2gryWH1qbdDTidVd6hkiR6weksdbMadyXKXNPEkQFhXM+hVO9ZygomHXp+AIw==}
    dev: true

  /@types/estree/0.0.50:
    resolution: {integrity: sha512-C6N5s2ZFtuZRj54k2/zyRhNDjJwwcViAM3Nbm8zjBpbqAdZ00mr0CFxvSKeO8Y/e03WVFLpQMdHYVfUd6SB+Hw==}
    dev: true

  /@types/node/14.17.22:
    resolution: {integrity: sha512-6Mgu9YWd8j0dk9M8V9+5w6ktqIFCcn/fFXAVIDFk/niAOFiOiz4GeFAMWYAQjKrcsASbFqMkqR8/Y2wuVCAkNg==}
    dev: true

  /@types/resolve/1.17.1:
    resolution: {integrity: sha512-yy7HuzQhj0dhGpD8RLXSZWEkLsV9ibvxvi6EiJ3bkqLAO1RGo0WbkWQiwpRlSFymTJRz0d3k5LM3kkx8ArDbLw==}
    dependencies:
      '@types/node': 14.17.22
    dev: true

  /@types/tern/0.23.4:
    resolution: {integrity: sha512-JAUw1iXGO1qaWwEOzxTKJZ/5JxVeON9kvGZ/osgZaJImBnyjyn0cjovPsf6FNLmyGY8Vw9DoXZCMlfMkMwHRWg==}
    dependencies:
      '@types/estree': 0.0.50
    dev: true

  /asciinema-player/2.6.1:
    resolution: {integrity: sha512-W6nW8+X/Krw6aRXQG45qvOZA4g765zbtjoBbjkQl1R7RLPihT00iqMHuHQYbNC1lhFg8x3MkE9ZhOELgSJQX6g==}
    dev: false

  /balanced-match/1.0.2:
    resolution: {integrity: sha512-3oSeUO0TMV67hN1AmbXsK4yaqU7tjiHlbxRDZOpH0KW9+CeX4bRAaX0Anxt0tx2MrpRpWwQaPwIlISEJhYU5Pw==}
    dev: true

  /brace-expansion/1.1.11:
    resolution: {integrity: sha512-iCuPHDFgrHX7H2vEI/5xpz07zSHB00TpugqhmYtVmMO6518mCuRMoOYFldEBl0g187ufozdaHgWKcYFb61qGiA==}
    dependencies:
      balanced-match: 1.0.2
      concat-map: 0.0.1
    dev: true

  /builtin-modules/3.2.0:
    resolution: {integrity: sha512-lGzLKcioL90C7wMczpkY0n/oART3MbBa8R9OFGE1rJxoVI86u4WAGfEk8Wjv10eKSyTHVGkSo3bvBylCEtk7LA==}
    engines: {node: '>=6'}
    dev: true

  /commondir/1.0.1:
    resolution: {integrity: sha1-3dgA2gxmEnOTzKWVDqloo6rxJTs=}
    dev: true

  /concat-map/0.0.1:
    resolution: {integrity: sha1-2Klr13/Wjfd5OnMDajug1UBdR3s=}
    dev: true

  /create-react-class/15.7.0:
    resolution: {integrity: sha512-QZv4sFWG9S5RUvkTYWbflxeZX+JG7Cz0Tn33rQBJ+WFQTqTfUTjMjiv9tnfXazjsO5r0KhPs+AqCjyrQX6h2ng==}
    dependencies:
      loose-envify: 1.4.0
      object-assign: 4.1.1
    dev: false

  /deepmerge/4.2.2:
    resolution: {integrity: sha512-FJ3UgI4gIl+PHZm53knsuSFpE+nESMr7M4v9QcgB7S63Kj/6WqMiFQJpBBYz1Pt+66bZpP3Q7Lye0Oo9MPKEdg==}
    engines: {node: '>=0.10.0'}
    dev: true

  /estree-walker/1.0.1:
    resolution: {integrity: sha512-1fMXF3YP4pZZVozF8j/ZLfvnR8NSIljt56UhbZ5PeeDmmGHpgpdwQt7ITlGvYaQukCvuBRMLEiKiYC+oeIg4cg==}
    dev: true

  /estree-walker/2.0.2:
    resolution: {integrity: sha512-Rfkk/Mp/DL7JVje3u18FxFujQlTNR2q6QfMSMB7AvCBx91NGj/ba3kCfza0f6dVDbw7YlRf/nDrn7pQrCCyQ/w==}
    dev: true

  /fs.realpath/1.0.0:
    resolution: {integrity: sha1-FQStJSMVjKpA20onh8sBQRmU6k8=}
    dev: true

  /fsevents/2.3.2:
    resolution: {integrity: sha512-xiqMQR4xAeHTuB9uWm+fFRcIOgKBMiOBP+eXiyT7jsgVCq1bkVygt00oASowB7EdtpOHaaPgKt812P9ab+DDKA==}
    engines: {node: ^8.16.0 || ^10.6.0 || >=11.0.0}
    os: [darwin]
    requiresBuild: true
    dev: true
    optional: true

  /function-bind/1.1.1:
    resolution: {integrity: sha512-yIovAzMX49sF8Yl58fSCWJ5svSLuaibPxXQJFLmBObTuCr0Mf1KiPopGM9NiFjiYBCbfaa2Fh6breQ6ANVTI0A==}
    dev: true

  /glob/7.2.0:
    resolution: {integrity: sha512-lmLf6gtyrPq8tTjSmrO94wBeQbFR3HbLHbuyD69wuyQkImp2hWqMGB47OX65FBkPffO641IP9jWa1z4ivqG26Q==}
    dependencies:
      fs.realpath: 1.0.0
      inflight: 1.0.6
      inherits: 2.0.4
      minimatch: 3.0.4
      once: 1.4.0
      path-is-absolute: 1.0.1
    dev: true

  /has/1.0.3:
    resolution: {integrity: sha512-f2dvO0VU6Oej7RkWJGrehjbzMAjFp5/VKPp5tTpWIV4JHHZK1/BxbFRtf/siA2SWTe09caDmVtYYzWEIbBS4zw==}
    engines: {node: '>= 0.4.0'}
    dependencies:
      function-bind: 1.1.1
    dev: true

  /inflight/1.0.6:
    resolution: {integrity: sha1-Sb1jMdfQLQwJvJEKEHW6gWW1bfk=}
    dependencies:
      once: 1.4.0
      wrappy: 1.0.2
    dev: true

  /inherits/2.0.4:
    resolution: {integrity: sha512-k/vGaX4/Yla3WzyMCvTQOXYeIHvqOKtnqBduzTHpzpQZzAskKMhZ2K+EnBiSM9zGSoIFeMpXKxa4dYeZIQqewQ==}
    dev: true

  /is-core-module/2.7.0:
    resolution: {integrity: sha512-ByY+tjCciCr+9nLryBYcSD50EOGWt95c7tIsKTG1J2ixKKXPvF7Ej3AVd+UfDydAJom3biBGDBALaO79ktwgEQ==}
    dependencies:
      has: 1.0.3
    dev: true

  /is-module/1.0.0:
    resolution: {integrity: sha1-Mlj7afeMFNW4FdZkM2tM/7ZEFZE=}
    dev: true

  /is-reference/1.2.1:
    resolution: {integrity: sha512-U82MsXXiFIrjCK4otLT+o2NA2Cd2g5MLoOVXUZjIOhLurrRxpEXzI8O0KZHr3IjLvlAH1kTPYSuqer5T9ZVBKQ==}
    dependencies:
      '@types/estree': 0.0.50
    dev: true

  /js-tokens/4.0.0:
    resolution: {integrity: sha512-RdJUflcE3cUzKiMqQgsCu06FPu9UdIJO0beYbPhHN4k6apgJtifcoCtT9bcxOpYBtpD2kCM6Sbzg4CausW/PKQ==}
    dev: false

  /loose-envify/1.4.0:
    resolution: {integrity: sha512-lyuxPGr/Wfhrlem2CL/UcnUc1zcqKAImBDzukY7Y5F/yQiNdko6+fRLevlw1HgMySw7f611UIY408EtxRSoK3Q==}
    hasBin: true
    dependencies:
      js-tokens: 4.0.0
    dev: false

  /magic-string/0.25.7:
    resolution: {integrity: sha512-4CrMT5DOHTDk4HYDlzmwu4FVCcIYI8gauveasrdCu2IKIFOJ3f0v/8MDGJCDL9oD2ppz/Av1b0Nj345H9M+XIA==}
    dependencies:
      sourcemap-codec: 1.4.8
    dev: true

  /minimatch/3.0.4:
    resolution: {integrity: sha512-yJHVQEhyqPLUTgt9B83PXu6W3rx4MvvHvSUvToogpwoGDOUQ+yDrR0HRot+yOCdCO7u4hX3pWft6kWBBcqh0UA==}
    dependencies:
      brace-expansion: 1.1.11
    dev: true

  /moment/2.29.1:
    resolution: {integrity: sha512-kHmoybcPV8Sqy59DwNDY3Jefr64lK/by/da0ViFcuA4DH0vQg5Q6Ze5VimxkfQNSC+Mls/Kx53s7TjP1RhFEDQ==}
    dev: true

  /object-assign/4.1.1:
    resolution: {integrity: sha1-IQmtx5ZYh8/AXLvUQsrIv7s2CGM=}
    engines: {node: '>=0.10.0'}
    dev: false

  /obsidian/0.12.17:
    resolution: {integrity: sha512-YvCAlRym9D8zNPXt6Ez8QubSTVGoChx6lb58zqI13Dcrz3l1lgUO+pcOGDiD5Qa67nzDZLXo3aV2rqkCCpTvGQ==}
    dependencies:
      '@types/codemirror': 0.0.108
      moment: 2.29.1
    dev: true

  /once/1.4.0:
    resolution: {integrity: sha1-WDsap3WWHUsROsF9nFC6753Xa9E=}
    dependencies:
      wrappy: 1.0.2
    dev: true

  /path-is-absolute/1.0.1:
    resolution: {integrity: sha1-F0uSaHNVNP+8es5r9TpanhtcX18=}
    engines: {node: '>=0.10.0'}
    dev: true

  /path-parse/1.0.7:
    resolution: {integrity: sha512-LDJzPVEEEPR+y48z93A0Ed0yXb8pAByGWo/k5YYdYgpY2/2EsOsksJrq7lOHxryrVOn1ejG6oAp8ahvOIQD8sw==}
    dev: true

  /picomatch/2.3.0:
    resolution: {integrity: sha512-lY1Q/PiJGC2zOv/z391WOTD+Z02bCgsFfvxoXXf6h7kv9o+WmsmzYqrAwY63sNgOxE4xEdq0WyUnXfKeBrSvYw==}
    engines: {node: '>=8.6'}
    dev: true

  /react-dom/17.0.2_react@17.0.2:
    resolution: {integrity: sha512-s4h96KtLDUQlsENhMn1ar8t2bEa+q/YAtj8pPPdIjPDGBDIVNsrD9aXNWqspUe6AzKCIG0C1HZZLqLV7qpOBGA==}
    peerDependencies:
      react: 17.0.2
    dependencies:
      loose-envify: 1.4.0
      object-assign: 4.1.1
      react: 17.0.2
      scheduler: 0.20.2
    dev: false

  /react/17.0.2:
    resolution: {integrity: sha512-gnhPt75i/dq/z3/6q/0asP78D0u592D5L1pd7M8P+dck6Fu/jJeL6iVVK23fptSUZj8Vjf++7wXA8UNclGQcbA==}
    engines: {node: '>=0.10.0'}
    dependencies:
      loose-envify: 1.4.0
      object-assign: 4.1.1
    dev: false

  /resolve/1.20.0:
    resolution: {integrity: sha512-wENBPt4ySzg4ybFQW2TT1zMQucPK95HSh/nq2CFTZVOGut2+pQvSsgtda4d26YrYcr067wjbmzOG8byDPBX63A==}
    dependencies:
      is-core-module: 2.7.0
      path-parse: 1.0.7
    dev: true

  /rollup/2.58.0:
    resolution: {integrity: sha512-NOXpusKnaRpbS7ZVSzcEXqxcLDOagN6iFS8p45RkoiMqPHDLwJm758UF05KlMoCRbLBTZsPOIa887gZJ1AiXvw==}
    engines: {node: '>=10.0.0'}
    hasBin: true
    optionalDependencies:
      fsevents: 2.3.2
    dev: true

  /scheduler/0.20.2:
    resolution: {integrity: sha512-2eWfGgAqqWFGqtdMmcL5zCMK1U8KlXv8SQFGglL3CEtd0aDVDWgeF/YoCmvln55m5zSk3J/20hTaSBeSObsQDQ==}
    dependencies:
      loose-envify: 1.4.0
      object-assign: 4.1.1
    dev: false

  /sourcemap-codec/1.4.8:
    resolution: {integrity: sha512-9NykojV5Uih4lgo5So5dtw+f0JgJX30KCNI8gwhz2J9A15wD0Ml6tjHKwf6fTSa6fAdVBdZeNOs9eJ71qCk8vA==}
    dev: true

  /tslib/2.3.1:
    resolution: {integrity: sha512-77EbyPPpMz+FRFRuAFlWMtmgUWGe9UOG2Z25NqCwiIjRhOf5iKGuzSe5P2w1laq+FkRy4p+PCuVkJSGkzTEKVw==}
    dev: true

  /typescript/4.4.4:
    resolution: {integrity: sha512-DqGhF5IKoBl8WNf8C1gu8q0xZSInh9j1kJJMqT3a94w1JzVaBU4EXOSMrz9yDqMT0xt3selp83fuFMQ0uzv6qA==}
    engines: {node: '>=4.2.0'}
    hasBin: true
    dev: true

  /wrappy/1.0.2:
    resolution: {integrity: sha1-tSQ9jz7BqjXxNkYFvA0QNuMKtp8=}
    dev: true
